// !$*UTF8*$!
{
	archiveVersion = 1;
	classes = {
	};
	objectVersion = 77;
	objects = {

/* Begin PBXBuildFile section */
		7A2E9FA02D0A775600329CA3 /* FirebaseAuth in Frameworks */ = {isa = PBXBuildFile; productRef = 7A2E9F9F2D0A775600329CA3 /* FirebaseAuth */; };
/* End PBXBuildFile section */

/* Begin PBXContainerItemProxy section */
		7A3D40172CDF1A4800C2ED6D /* PBXContainerItemProxy */ = {
			isa = PBXContainerItemProxy;
			containerPortal = 7A3D3FFE2CDF1A4700C2ED6D /* Project object */;
			proxyType = 1;
			remoteGlobalIDString = 7A3D40052CDF1A4700C2ED6D;
			remoteInfo = DigiLocker;
		};
		7A3D40212CDF1A4800C2ED6D /* PBXContainerItemProxy */ = {
			isa = PBXContainerItemProxy;
			containerPortal = 7A3D3FFE2CDF1A4700C2ED6D /* Project object */;
			proxyType = 1;
			remoteGlobalIDString = 7A3D40052CDF1A4700C2ED6D;
			remoteInfo = DigiLocker;
		};
/* End PBXContainerItemProxy section */

/* Begin PBXFileReference section */
		7A3D40062CDF1A4700C2ED6D /* DigiLocker.app */ = {isa = PBXFileReference; explicitFileType = wrapper.application; includeInIndex = 0; path = DigiLocker.app; sourceTree = BUILT_PRODUCTS_DIR; };
		7A3D40162CDF1A4800C2ED6D /* DigiLockerTests.xctest */ = {isa = PBXFileReference; explicitFileType = wrapper.cfbundle; includeInIndex = 0; path = DigiLockerTests.xctest; sourceTree = BUILT_PRODUCTS_DIR; };
		7A3D40202CDF1A4800C2ED6D /* DigiLockerUITests.xctest */ = {isa = PBXFileReference; explicitFileType = wrapper.cfbundle; includeInIndex = 0; path = DigiLockerUITests.xctest; sourceTree = BUILT_PRODUCTS_DIR; };
/* End PBXFileReference section */

/* Begin PBXFileSystemSynchronizedBuildFileExceptionSet section */
		7AAD80642CE5C5E900DEE455 /* Exceptions for "DigiLocker" folder in "DigiLocker" target */ = {
			isa = PBXFileSystemSynchronizedBuildFileExceptionSet;
			membershipExceptions = (
				Info.plist,
			);
			target = 7A3D40052CDF1A4700C2ED6D /* DigiLocker */;
		};
/* End PBXFileSystemSynchronizedBuildFileExceptionSet section */

/* Begin PBXFileSystemSynchronizedRootGroup section */
		7A3D40082CDF1A4700C2ED6D /* DigiLocker */ = {
			isa = PBXFileSystemSynchronizedRootGroup;
			exceptions = (
				7AAD80642CE5C5E900DEE455 /* Exceptions for "DigiLocker" folder in "DigiLocker" target */,
			);
			path = DigiLocker;
			sourceTree = "<group>";
		};
		7A3D40192CDF1A4800C2ED6D /* DigiLockerTests */ = {
			isa = PBXFileSystemSynchronizedRootGroup;
			path = DigiLockerTests;
			sourceTree = "<group>";
		};
		7A3D40232CDF1A4800C2ED6D /* DigiLockerUITests */ = {
			isa = PBXFileSystemSynchronizedRootGroup;
			path = DigiLockerUITests;
			sourceTree = "<group>";
		};
/* End PBXFileSystemSynchronizedRootGroup section */

/* Begin PBXFrameworksBuildPhase section */
		7A3D40032CDF1A4700C2ED6D /* Frameworks */ = {
			isa = PBXFrameworksBuildPhase;
			buildActionMask = 2147483647;
			files = (
				7A2E9FA02D0A775600329CA3 /* FirebaseAuth in Frameworks */,
			);
			runOnlyForDeploymentPostprocessing = 0;
		};
		7A3D40132CDF1A4800C2ED6D /* Frameworks */ = {
			isa = PBXFrameworksBuildPhase;
			buildActionMask = 2147483647;
			files = (
			);
			runOnlyForDeploymentPostprocessing = 0;
		};
		7A3D401D2CDF1A4800C2ED6D /* Frameworks */ = {
			isa = PBXFrameworksBuildPhase;
			buildActionMask = 2147483647;
			files = (
			);
			runOnlyForDeploymentPostprocessing = 0;
		};
/* End PBXFrameworksBuildPhase section */

/* Begin PBXGroup section */
		7A3D3FFD2CDF1A4700C2ED6D = {
			isa = PBXGroup;
			children = (
				7A3D40082CDF1A4700C2ED6D /* DigiLocker */,
				7A3D40192CDF1A4800C2ED6D /* DigiLockerTests */,
				7A3D40232CDF1A4800C2ED6D /* DigiLockerUITests */,
				7A3D40072CDF1A4700C2ED6D /* Products */,
			);
			sourceTree = "<group>";
		};
		7A3D40072CDF1A4700C2ED6D /* Products */ = {
			isa = PBXGroup;
			children = (
				7A3D40062CDF1A4700C2ED6D /* DigiLocker.app */,
				7A3D40162CDF1A4800C2ED6D /* DigiLockerTests.xctest */,
				7A3D40202CDF1A4800C2ED6D /* DigiLockerUITests.xctest */,
			);
			name = Products;
			sourceTree = "<group>";
		};
/* End PBXGroup section */

/* Begin PBXNativeTarget section */
		7A3D40052CDF1A4700C2ED6D /* DigiLocker */ = {
			isa = PBXNativeTarget;
			buildConfigurationList = 7A3D402A2CDF1A4800C2ED6D /* Build configuration list for PBXNativeTarget "DigiLocker" */;
			buildPhases = (
				7A3D40022CDF1A4700C2ED6D /* Sources */,
				7A3D40032CDF1A4700C2ED6D /* Frameworks */,
				7A3D40042CDF1A4700C2ED6D /* Resources */,
			);
			buildRules = (
			);
			dependencies = (
			);
			fileSystemSynchronizedGroups = (
				7A3D40082CDF1A4700C2ED6D /* DigiLocker */,
			);
			name = DigiLocker;
			packageProductDependencies = (
				7A2E9F9F2D0A775600329CA3 /* FirebaseAuth */,
			);
			productName = DigiLocker;
			productReference = 7A3D40062CDF1A4700C2ED6D /* DigiLocker.app */;
			productType = "com.apple.product-type.application";
		};
		7A3D40152CDF1A4800C2ED6D /* DigiLockerTests */ = {
			isa = PBXNativeTarget;
			buildConfigurationList = 7A3D402D2CDF1A4800C2ED6D /* Build configuration list for PBXNativeTarget "DigiLockerTests" */;
			buildPhases = (
				7A3D40122CDF1A4800C2ED6D /* Sources */,
				7A3D40132CDF1A4800C2ED6D /* Frameworks */,
				7A3D40142CDF1A4800C2ED6D /* Resources */,
			);
			buildRules = (
			);
			dependencies = (
				7A3D40182CDF1A4800C2ED6D /* PBXTargetDependency */,
			);
			fileSystemSynchronizedGroups = (
				7A3D40192CDF1A4800C2ED6D /* DigiLockerTests */,
			);
			name = DigiLockerTests;
			packageProductDependencies = (
			);
			productName = DigiLockerTests;
			productReference = 7A3D40162CDF1A4800C2ED6D /* DigiLockerTests.xctest */;
			productType = "com.apple.product-type.bundle.unit-test";
		};
		7A3D401F2CDF1A4800C2ED6D /* DigiLockerUITests */ = {
			isa = PBXNativeTarget;
			buildConfigurationList = 7A3D40302CDF1A4800C2ED6D /* Build configuration list for PBXNativeTarget "DigiLockerUITests" */;
			buildPhases = (
				7A3D401C2CDF1A4800C2ED6D /* Sources */,
				7A3D401D2CDF1A4800C2ED6D /* Frameworks */,
				7A3D401E2CDF1A4800C2ED6D /* Resources */,
			);
			buildRules = (
			);
			dependencies = (
				7A3D40222CDF1A4800C2ED6D /* PBXTargetDependency */,
			);
			fileSystemSynchronizedGroups = (
				7A3D40232CDF1A4800C2ED6D /* DigiLockerUITests */,
			);
			name = DigiLockerUITests;
			packageProductDependencies = (
			);
			productName = DigiLockerUITests;
			productReference = 7A3D40202CDF1A4800C2ED6D /* DigiLockerUITests.xctest */;
			productType = "com.apple.product-type.bundle.ui-testing";
		};
/* End PBXNativeTarget section */

/* Begin PBXProject section */
		7A3D3FFE2CDF1A4700C2ED6D /* Project object */ = {
			isa = PBXProject;
			attributes = {
				BuildIndependentTargetsInParallel = 1;
				LastSwiftUpdateCheck = 1610;
				LastUpgradeCheck = 1610;
				TargetAttributes = {
					7A3D40052CDF1A4700C2ED6D = {
						CreatedOnToolsVersion = 16.1;
					};
					7A3D40152CDF1A4800C2ED6D = {
						CreatedOnToolsVersion = 16.1;
						TestTargetID = 7A3D40052CDF1A4700C2ED6D;
					};
					7A3D401F2CDF1A4800C2ED6D = {
						CreatedOnToolsVersion = 16.1;
						TestTargetID = 7A3D40052CDF1A4700C2ED6D;
					};
				};
			};
			buildConfigurationList = 7A3D40012CDF1A4700C2ED6D /* Build configuration list for PBXProject "DigiLocker" */;
			developmentRegion = en;
			hasScannedForEncodings = 0;
			knownRegions = (
				en,
				Base,
			);
			mainGroup = 7A3D3FFD2CDF1A4700C2ED6D;
			minimizedProjectReferenceProxies = 1;
			packageReferences = (
				7A2E9F972D09447400329CA3 /* XCRemoteSwiftPackageReference "firebase-ios-sdk" */,
			);
			preferredProjectObjectVersion = 77;
			productRefGroup = 7A3D40072CDF1A4700C2ED6D /* Products */;
			projectDirPath = "";
			projectRoot = "";
			targets = (
				7A3D40052CDF1A4700C2ED6D /* DigiLocker */,
				7A3D40152CDF1A4800C2ED6D /* DigiLockerTests */,
				7A3D401F2CDF1A4800C2ED6D /* DigiLockerUITests */,
			);
		};
/* End PBXProject section */

/* Begin PBXResourcesBuildPhase section */
		7A3D40042CDF1A4700C2ED6D /* Resources */ = {
			isa = PBXResourcesBuildPhase;
			buildActionMask = 2147483647;
			files = (
			);
			runOnlyForDeploymentPostprocessing = 0;
		};
		7A3D40142CDF1A4800C2ED6D /* Resources */ = {
			isa = PBXResourcesBuildPhase;
			buildActionMask = 2147483647;
			files = (
			);
			runOnlyForDeploymentPostprocessing = 0;
		};
		7A3D401E2CDF1A4800C2ED6D /* Resources */ = {
			isa = PBXResourcesBuildPhase;
			buildActionMask = 2147483647;
			files = (
			);
			runOnlyForDeploymentPostprocessing = 0;
		};
/* End PBXResourcesBuildPhase section */

/* Begin PBXSourcesBuildPhase section */
		7A3D40022CDF1A4700C2ED6D /* Sources */ = {
			isa = PBXSourcesBuildPhase;
			buildActionMask = 2147483647;
			files = (
			);
			runOnlyForDeploymentPostprocessing = 0;
		};
		7A3D40122CDF1A4800C2ED6D /* Sources */ = {
			isa = PBXSourcesBuildPhase;
			buildActionMask = 2147483647;
			files = (
			);
			runOnlyForDeploymentPostprocessing = 0;
		};
		7A3D401C2CDF1A4800C2ED6D /* Sources */ = {
			isa = PBXSourcesBuildPhase;
			buildActionMask = 2147483647;
			files = (
			);
			runOnlyForDeploymentPostprocessing = 0;
		};
/* End PBXSourcesBuildPhase section */

/* Begin PBXTargetDependency section */
		7A3D40182CDF1A4800C2ED6D /* PBXTargetDependency */ = {
			isa = PBXTargetDependency;
			target = 7A3D40052CDF1A4700C2ED6D /* DigiLocker */;
			targetProxy = 7A3D40172CDF1A4800C2ED6D /* PBXContainerItemProxy */;
		};
		7A3D40222CDF1A4800C2ED6D /* PBXTargetDependency */ = {
			isa = PBXTargetDependency;
			target = 7A3D40052CDF1A4700C2ED6D /* DigiLocker */;
			targetProxy = 7A3D40212CDF1A4800C2ED6D /* PBXContainerItemProxy */;
		};
/* End PBXTargetDependency section */

/* Begin XCBuildConfiguration section */
		7A3D40282CDF1A4800C2ED6D /* Debug */ = {
			isa = XCBuildConfiguration;
			buildSettings = {
				ALWAYS_SEARCH_USER_PATHS = NO;
				ASSETCATALOG_COMPILER_GENERATE_SWIFT_ASSET_SYMBOL_EXTENSIONS = YES;
				CLANG_ANALYZER_NONNULL = YES;
				CLANG_ANALYZER_NUMBER_OBJECT_CONVERSION = YES_AGGRESSIVE;
				CLANG_CXX_LANGUAGE_STANDARD = "gnu++20";
				CLANG_ENABLE_MODULES = YES;
				CLANG_ENABLE_OBJC_ARC = YES;
				CLANG_ENABLE_OBJC_WEAK = YES;
				CLANG_WARN_BLOCK_CAPTURE_AUTORELEASING = YES;
				CLANG_WARN_BOOL_CONVERSION = YES;
				CLANG_WARN_COMMA = YES;
				CLANG_WARN_CONSTANT_CONVERSION = YES;
				CLANG_WARN_DEPRECATED_OBJC_IMPLEMENTATIONS = YES;
				CLANG_WARN_DIRECT_OBJC_ISA_USAGE = YES_ERROR;
				CLANG_WARN_DOCUMENTATION_COMMENTS = YES;
				CLANG_WARN_EMPTY_BODY = YES;
				CLANG_WARN_ENUM_CONVERSION = YES;
				CLANG_WARN_INFINITE_RECURSION = YES;
				CLANG_WARN_INT_CONVERSION = YES;
				CLANG_WARN_NON_LITERAL_NULL_CONVERSION = YES;
				CLANG_WARN_OBJC_IMPLICIT_RETAIN_SELF = YES;
				CLANG_WARN_OBJC_LITERAL_CONVERSION = YES;
				CLANG_WARN_OBJC_ROOT_CLASS = YES_ERROR;
				CLANG_WARN_QUOTED_INCLUDE_IN_FRAMEWORK_HEADER = YES;
				CLANG_WARN_RANGE_LOOP_ANALYSIS = YES;
				CLANG_WARN_STRICT_PROTOTYPES = YES;
				CLANG_WARN_SUSPICIOUS_MOVE = YES;
				CLANG_WARN_UNGUARDED_AVAILABILITY = YES_AGGRESSIVE;
				CLANG_WARN_UNREACHABLE_CODE = YES;
				CLANG_WARN__DUPLICATE_METHOD_MATCH = YES;
				COPY_PHASE_STRIP = NO;
				DEBUG_INFORMATION_FORMAT = dwarf;
				ENABLE_STRICT_OBJC_MSGSEND = YES;
				ENABLE_TESTABILITY = YES;
				ENABLE_USER_SCRIPT_SANDBOXING = YES;
				GCC_C_LANGUAGE_STANDARD = gnu17;
				GCC_DYNAMIC_NO_PIC = NO;
				GCC_NO_COMMON_BLOCKS = YES;
				GCC_OPTIMIZATION_LEVEL = 0;
				GCC_PREPROCESSOR_DEFINITIONS = (
					"DEBUG=1",
					"$(inherited)",
				);
				GCC_WARN_64_TO_32_BIT_CONVERSION = YES;
				GCC_WARN_ABOUT_RETURN_TYPE = YES_ERROR;
				GCC_WARN_UNDECLARED_SELECTOR = YES;
				GCC_WARN_UNINITIALIZED_AUTOS = YES_AGGRESSIVE;
				GCC_WARN_UNUSED_FUNCTION = YES;
				GCC_WARN_UNUSED_VARIABLE = YES;
				IPHONEOS_DEPLOYMENT_TARGET = 18.1;
				LOCALIZATION_PREFERS_STRING_CATALOGS = YES;
				MTL_ENABLE_DEBUG_INFO = INCLUDE_SOURCE;
				MTL_FAST_MATH = YES;
				ONLY_ACTIVE_ARCH = YES;
				SDKROOT = iphoneos;
				SWIFT_ACTIVE_COMPILATION_CONDITIONS = "DEBUG $(inherited)";
				SWIFT_OPTIMIZATION_LEVEL = "-Onone";
			};
			name = Debug;
		};
		7A3D40292CDF1A4800C2ED6D /* Release */ = {
			isa = XCBuildConfiguration;
			buildSettings = {
				ALWAYS_SEARCH_USER_PATHS = NO;
				ASSETCATALOG_COMPILER_GENERATE_SWIFT_ASSET_SYMBOL_EXTENSIONS = YES;
				CLANG_ANALYZER_NONNULL = YES;
				CLANG_ANALYZER_NUMBER_OBJECT_CONVERSION = YES_AGGRESSIVE;
				CLANG_CXX_LANGUAGE_STANDARD = "gnu++20";
				CLANG_ENABLE_MODULES = YES;
				CLANG_ENABLE_OBJC_ARC = YES;
				CLANG_ENABLE_OBJC_WEAK = YES;
				CLANG_WARN_BLOCK_CAPTURE_AUTORELEASING = YES;
				CLANG_WARN_BOOL_CONVERSION = YES;
				CLANG_WARN_COMMA = YES;
				CLANG_WARN_CONSTANT_CONVERSION = YES;
				CLANG_WARN_DEPRECATED_OBJC_IMPLEMENTATIONS = YES;
				CLANG_WARN_DIRECT_OBJC_ISA_USAGE = YES_ERROR;
				CLANG_WARN_DOCUMENTATION_COMMENTS = YES;
				CLANG_WARN_EMPTY_BODY = YES;
				CLANG_WARN_ENUM_CONVERSION = YES;
				CLANG_WARN_INFINITE_RECURSION = YES;
				CLANG_WARN_INT_CONVERSION = YES;
				CLANG_WARN_NON_LITERAL_NULL_CONVERSION = YES;
				CLANG_WARN_OBJC_IMPLICIT_RETAIN_SELF = YES;
				CLANG_WARN_OBJC_LITERAL_CONVERSION = YES;
				CLANG_WARN_OBJC_ROOT_CLASS = YES_ERROR;
				CLANG_WARN_QUOTED_INCLUDE_IN_FRAMEWORK_HEADER = YES;
				CLANG_WARN_RANGE_LOOP_ANALYSIS = YES;
				CLANG_WARN_STRICT_PROTOTYPES = YES;
				CLANG_WARN_SUSPICIOUS_MOVE = YES;
				CLANG_WARN_UNGUARDED_AVAILABILITY = YES_AGGRESSIVE;
				CLANG_WARN_UNREACHABLE_CODE = YES;
				CLANG_WARN__DUPLICATE_METHOD_MATCH = YES;
				COPY_PHASE_STRIP = NO;
				DEBUG_INFORMATION_FORMAT = "dwarf-with-dsym";
				ENABLE_NS_ASSERTIONS = NO;
				ENABLE_STRICT_OBJC_MSGSEND = YES;
				ENABLE_USER_SCRIPT_SANDBOXING = YES;
				GCC_C_LANGUAGE_STANDARD = gnu17;
				GCC_NO_COMMON_BLOCKS = YES;
				GCC_WARN_64_TO_32_BIT_CONVERSION = YES;
				GCC_WARN_ABOUT_RETURN_TYPE = YES_ERROR;
				GCC_WARN_UNDECLARED_SELECTOR = YES;
				GCC_WARN_UNINITIALIZED_AUTOS = YES_AGGRESSIVE;
				GCC_WARN_UNUSED_FUNCTION = YES;
				GCC_WARN_UNUSED_VARIABLE = YES;
				IPHONEOS_DEPLOYMENT_TARGET = 18.1;
				LOCALIZATION_PREFERS_STRING_CATALOGS = YES;
				MTL_ENABLE_DEBUG_INFO = NO;
				MTL_FAST_MATH = YES;
				SDKROOT = iphoneos;
				SWIFT_COMPILATION_MODE = wholemodule;
				VALIDATE_PRODUCT = YES;
			};
			name = Release;
		};
		7A3D402B2CDF1A4800C2ED6D /* Debug */ = {
			isa = XCBuildConfiguration;
			buildSettings = {
				ASSETCATALOG_COMPILER_APPICON_NAME = AppIcon;
				ASSETCATALOG_COMPILER_GLOBAL_ACCENT_COLOR_NAME = AccentColor;
				CODE_SIGN_STYLE = Automatic;
				CURRENT_PROJECT_VERSION = 1;
				DEVELOPMENT_ASSET_PATHS = "\"DigiLocker/Preview Content\"";
				DEVELOPMENT_TEAM = 6CVHWH9A2F;
				ENABLE_PREVIEWS = YES;
				GENERATE_INFOPLIST_FILE = YES;
				INFOPLIST_FILE = "$(SRCROOT)/DigiLocker/Info.plist";
				INFOPLIST_KEY_UIApplicationSceneManifest_Generation = YES;
				INFOPLIST_KEY_UIApplicationSupportsIndirectInputEvents = YES;
				INFOPLIST_KEY_UILaunchScreen_Generation = YES;
				INFOPLIST_KEY_UISupportedInterfaceOrientations_iPad = "UIInterfaceOrientationPortrait UIInterfaceOrientationPortraitUpsideDown UIInterfaceOrientationLandscapeLeft UIInterfaceOrientationLandscapeRight";
				INFOPLIST_KEY_UISupportedInterfaceOrientations_iPhone = "UIInterfaceOrientationPortrait UIInterfaceOrientationLandscapeLeft UIInterfaceOrientationLandscapeRight";
				IPHONEOS_DEPLOYMENT_TARGET = 18.0;
				LD_RUNPATH_SEARCH_PATHS = (
					"$(inherited)",
					"@executable_path/Frameworks",
				);
				MARKETING_VERSION = 1.0;
				PRODUCT_BUNDLE_IDENTIFIER = aro.tech.DigiLocker;
				PRODUCT_NAME = "$(TARGET_NAME)";
				SWIFT_EMIT_LOC_STRINGS = YES;
				SWIFT_VERSION = 5.0;
				TARGETED_DEVICE_FAMILY = "1,2";
			};
			name = Debug;
		};
		7A3D402C2CDF1A4800C2ED6D /* Release */ = {
			isa = XCBuildConfiguration;
			buildSettings = {
				ASSETCATALOG_COMPILER_APPICON_NAME = AppIcon;
				ASSETCATALOG_COMPILER_GLOBAL_ACCENT_COLOR_NAME = AccentColor;
				CODE_SIGN_STYLE = Automatic;
				CURRENT_PROJECT_VERSION = 1;
				DEVELOPMENT_ASSET_PATHS = "\"DigiLocker/Preview Content\"";
				DEVELOPMENT_TEAM = 6CVHWH9A2F;
				ENABLE_PREVIEWS = YES;
				GENERATE_INFOPLIST_FILE = YES;
				INFOPLIST_FILE = "$(SRCROOT)/DigiLocker/Info.plist";
				INFOPLIST_KEY_UIApplicationSceneManifest_Generation = YES;
				INFOPLIST_KEY_UIApplicationSupportsIndirectInputEvents = YES;
				INFOPLIST_KEY_UILaunchScreen_Generation = YES;
				INFOPLIST_KEY_UISupportedInterfaceOrientations_iPad = "UIInterfaceOrientationPortrait UIInterfaceOrientationPortraitUpsideDown UIInterfaceOrientationLandscapeLeft UIInterfaceOrientationLandscapeRight";
				INFOPLIST_KEY_UISupportedInterfaceOrientations_iPhone = "UIInterfaceOrientationPortrait UIInterfaceOrientationLandscapeLeft UIInterfaceOrientationLandscapeRight";
				IPHONEOS_DEPLOYMENT_TARGET = 18.0;
				LD_RUNPATH_SEARCH_PATHS = (
					"$(inherited)",
					"@executable_path/Frameworks",
				);
				MARKETING_VERSION = 1.0;
				PRODUCT_BUNDLE_IDENTIFIER = aro.tech.DigiLocker;
				PRODUCT_NAME = "$(TARGET_NAME)";
				SWIFT_EMIT_LOC_STRINGS = YES;
				SWIFT_VERSION = 5.0;
				TARGETED_DEVICE_FAMILY = "1,2";
			};
			name = Release;
		};
		7A3D402E2CDF1A4800C2ED6D /* Debug */ = {
			isa = XCBuildConfiguration;
			buildSettings = {
				BUNDLE_LOADER = "$(TEST_HOST)";
				CODE_SIGN_STYLE = Automatic;
				CURRENT_PROJECT_VERSION = 1;
				DEVELOPMENT_TEAM = 6CVHWH9A2F;
				GENERATE_INFOPLIST_FILE = YES;
				IPHONEOS_DEPLOYMENT_TARGET = 18.1;
				MARKETING_VERSION = 1.0;
				PRODUCT_BUNDLE_IDENTIFIER = aro.tech.DigiLockerTests;
				PRODUCT_NAME = "$(TARGET_NAME)";
				SWIFT_EMIT_LOC_STRINGS = NO;
				SWIFT_VERSION = 5.0;
				TARGETED_DEVICE_FAMILY = "1,2";
				TEST_HOST = "$(BUILT_PRODUCTS_DIR)/DigiLocker.app/$(BUNDLE_EXECUTABLE_FOLDER_PATH)/DigiLocker";
			};
			name = Debug;
		};
		7A3D402F2CDF1A4800C2ED6D /* Release */ = {
			isa = XCBuildConfiguration;
			buildSettings = {
				BUNDLE_LOADER = "$(TEST_HOST)";
				CODE_SIGN_STYLE = Automatic;
				CURRENT_PROJECT_VERSION = 1;
				DEVELOPMENT_TEAM = 6CVHWH9A2F;
				GENERATE_INFOPLIST_FILE = YES;
				IPHONEOS_DEPLOYMENT_TARGET = 18.1;
				MARKETING_VERSION = 1.0;
				PRODUCT_BUNDLE_IDENTIFIER = aro.tech.DigiLockerTests;
				PRODUCT_NAME = "$(TARGET_NAME)";
				SWIFT_EMIT_LOC_STRINGS = NO;
				SWIFT_VERSION = 5.0;
				TARGETED_DEVICE_FAMILY = "1,2";
				TEST_HOST = "$(BUILT_PRODUCTS_DIR)/DigiLocker.app/$(BUNDLE_EXECUTABLE_FOLDER_PATH)/DigiLocker";
			};
			name = Release;
		};
		7A3D40312CDF1A4800C2ED6D /* Debug */ = {
			isa = XCBuildConfiguration;
			buildSettings = {
				CODE_SIGN_STYLE = Automatic;
				CURRENT_PROJECT_VERSION = 1;
				DEVELOPMENT_TEAM = 6CVHWH9A2F;
				GENERATE_INFOPLIST_FILE = YES;
				MARKETING_VERSION = 1.0;
				PRODUCT_BUNDLE_IDENTIFIER = aro.tech.DigiLockerUITests;
				PRODUCT_NAME = "$(TARGET_NAME)";
				SWIFT_EMIT_LOC_STRINGS = NO;
				SWIFT_VERSION = 5.0;
				TARGETED_DEVICE_FAMILY = "1,2";
				TEST_TARGET_NAME = DigiLocker;
			};
			name = Debug;
		};
		7A3D40322CDF1A4800C2ED6D /* Release */ = {
			isa = XCBuildConfiguration;
			buildSettings = {
				CODE_SIGN_STYLE = Automatic;
				CURRENT_PROJECT_VERSION = 1;
				DEVELOPMENT_TEAM = 6CVHWH9A2F;
				GENERATE_INFOPLIST_FILE = YES;
				MARKETING_VERSION = 1.0;
				PRODUCT_BUNDLE_IDENTIFIER = aro.tech.DigiLockerUITests;
				PRODUCT_NAME = "$(TARGET_NAME)";
				SWIFT_EMIT_LOC_STRINGS = NO;
				SWIFT_VERSION = 5.0;
				TARGETED_DEVICE_FAMILY = "1,2";
				TEST_TARGET_NAME = DigiLocker;
			};
			name = Release;
		};
/* End XCBuildConfiguration section */

/* Begin XCConfigurationList section */
		7A3D40012CDF1A4700C2ED6D /* Build configuration list for PBXProject "DigiLocker" */ = {
			isa = XCConfigurationList;
			buildConfigurations = (
				7A3D40282CDF1A4800C2ED6D /* Debug */,
				7A3D40292CDF1A4800C2ED6D /* Release */,
			);
			defaultConfigurationIsVisible = 0;
			defaultConfigurationName = Release;
		};
		7A3D402A2CDF1A4800C2ED6D /* Build configuration list for PBXNativeTarget "DigiLocker" */ = {
			isa = XCConfigurationList;
			buildConfigurations = (
				7A3D402B2CDF1A4800C2ED6D /* Debug */,
				7A3D402C2CDF1A4800C2ED6D /* Release */,
			);
			defaultConfigurationIsVisible = 0;
			defaultConfigurationName = Release;
		};
		7A3D402D2CDF1A4800C2ED6D /* Build configuration list for PBXNativeTarget "DigiLockerTests" */ = {
			isa = XCConfigurationList;
			buildConfigurations = (
				7A3D402E2CDF1A4800C2ED6D /* Debug */,
				7A3D402F2CDF1A4800C2ED6D /* Release */,
			);
			defaultConfigurationIsVisible = 0;
			defaultConfigurationName = Release;
		};
		7A3D40302CDF1A4800C2ED6D /* Build configuration list for PBXNativeTarget "DigiLockerUITests" */ = {
			isa = XCConfigurationList;
			buildConfigurations = (
				7A3D40312CDF1A4800C2ED6D /* Debug */,
				7A3D40322CDF1A4800C2ED6D /* Release */,
			);
			defaultConfigurationIsVisible = 0;
			defaultConfigurationName = Release;
		};
/* End XCConfigurationList section */

/* Begin XCRemoteSwiftPackageReference section */
		7A2E9F972D09447400329CA3 /* XCRemoteSwiftPackageReference "firebase-ios-sdk" */ = {
			isa = XCRemoteSwiftPackageReference;
			repositoryURL = "https://github.com/firebase/firebase-ios-sdk";
			requirement = {
				kind = upToNextMajorVersion;
				minimumVersion = 11.6.0;
			};
		};
/* End XCRemoteSwiftPackageReference section */

/* Begin XCSwiftPackageProductDependency section */
		7A2E9F9F2D0A775600329CA3 /* FirebaseAuth */ = {
			isa = XCSwiftPackageProductDependency;
			package = 7A2E9F972D09447400329CA3 /* XCRemoteSwiftPackageReference "firebase-ios-sdk" */;
			productName = FirebaseAuth;
		};
/* End XCSwiftPackageProductDependency section */
	};
	rootObject = 7A3D3FFE2CDF1A4700C2ED6D /* Project object */;
}
